// !$*UTF8*$!
{
	archiveVersion = 1;
	classes = {
	};
	objectVersion = 56;
	objects = {

/* Begin PBXBuildFile section */
		341384AC2B11890D00DA882B /* RecipeApp.swift in Sources */ = {isa = PBXBuildFile; fileRef = 341384AB2B11890D00DA882B /* RecipeApp.swift */; };
		341384AE2B11890D00DA882B /* RecipesListView.swift in Sources */ = {isa = PBXBuildFile; fileRef = 341384AD2B11890D00DA882B /* RecipesListView.swift */; };
		341384B02B11890E00DA882B /* Assets.xcassets in Resources */ = {isa = PBXBuildFile; fileRef = 341384AF2B11890E00DA882B /* Assets.xcassets */; };
		341384B32B11890E00DA882B /* Preview Assets.xcassets in Resources */ = {isa = PBXBuildFile; fileRef = 341384B22B11890E00DA882B /* Preview Assets.xcassets */; };
		341384BA2B1189FD00DA882B /* Recipe.swift in Sources */ = {isa = PBXBuildFile; fileRef = 341384B92B1189FD00DA882B /* Recipe.swift */; };
		341384C32B119A0700DA882B /* RecipeData.swift in Sources */ = {isa = PBXBuildFile; fileRef = 341384C22B119A0700DA882B /* RecipeData.swift */; };
		341384C52B11A16600DA882B /* RecipeDetailView.swift in Sources */ = {isa = PBXBuildFile; fileRef = 341384C42B11A16600DA882B /* RecipeDetailView.swift */; };
		341384C72B11AF6A00DA882B /* AppColor.swift in Sources */ = {isa = PBXBuildFile; fileRef = 341384C62B11AF6A00DA882B /* AppColor.swift */; };
		341384C92B11B50300DA882B /* RecipeCategoryGridView.swift in Sources */ = {isa = PBXBuildFile; fileRef = 341384C82B11B50300DA882B /* RecipeCategoryGridView.swift */; };
		341384CD2B1431D400DA882B /* ModifyRecipeView.swift in Sources */ = {isa = PBXBuildFile; fileRef = 341384CC2B1431D400DA882B /* ModifyRecipeView.swift */; };
		341384CF2B14519A00DA882B /* ModifyMainInformationView.swift in Sources */ = {isa = PBXBuildFile; fileRef = 341384CE2B14519A00DA882B /* ModifyMainInformationView.swift */; };
		341384D12B14B20000DA882B /* ModifyIngredientView.swift in Sources */ = {isa = PBXBuildFile; fileRef = 341384D02B14B1FF00DA882B /* ModifyIngredientView.swift */; };
		341384D32B14BFCD00DA882B /* ModifyIngredientsView.swift in Sources */ = {isa = PBXBuildFile; fileRef = 341384D22B14BFCD00DA882B /* ModifyIngredientsView.swift */; };
		341384D52B1A471500DA882B /* ModifyDirectionView.swift in Sources */ = {isa = PBXBuildFile; fileRef = 341384D42B1A471500DA882B /* ModifyDirectionView.swift */; };
		341384D72B1A4E8C00DA882B /* ModifyComponentsView.swift in Sources */ = {isa = PBXBuildFile; fileRef = 341384D62B1A4E8C00DA882B /* ModifyComponentsView.swift */; };
/* End PBXBuildFile section */

/* Begin PBXFileReference section */
		341384A82B11890D00DA882B /* Recipe.app */ = {isa = PBXFileReference; explicitFileType = wrapper.application; includeInIndex = 0; path = Recipe.app; sourceTree = BUILT_PRODUCTS_DIR; };
		341384AB2B11890D00DA882B /* RecipeApp.swift */ = {isa = PBXFileReference; lastKnownFileType = sourcecode.swift; path = RecipeApp.swift; sourceTree = "<group>"; };
		341384AD2B11890D00DA882B /* RecipesListView.swift */ = {isa = PBXFileReference; lastKnownFileType = sourcecode.swift; path = RecipesListView.swift; sourceTree = "<group>"; };
		341384AF2B11890E00DA882B /* Assets.xcassets */ = {isa = PBXFileReference; lastKnownFileType = folder.assetcatalog; path = Assets.xcassets; sourceTree = "<group>"; };
		341384B22B11890E00DA882B /* Preview Assets.xcassets */ = {isa = PBXFileReference; lastKnownFileType = folder.assetcatalog; path = "Preview Assets.xcassets"; sourceTree = "<group>"; };
		341384B92B1189FD00DA882B /* Recipe.swift */ = {isa = PBXFileReference; lastKnownFileType = sourcecode.swift; path = Recipe.swift; sourceTree = "<group>"; };
		341384C22B119A0700DA882B /* RecipeData.swift */ = {isa = PBXFileReference; lastKnownFileType = sourcecode.swift; path = RecipeData.swift; sourceTree = "<group>"; };
		341384C42B11A16600DA882B /* RecipeDetailView.swift */ = {isa = PBXFileReference; lastKnownFileType = sourcecode.swift; path = RecipeDetailView.swift; sourceTree = "<group>"; };
		341384C62B11AF6A00DA882B /* AppColor.swift */ = {isa = PBXFileReference; lastKnownFileType = sourcecode.swift; path = AppColor.swift; sourceTree = "<group>"; };
		341384C82B11B50300DA882B /* RecipeCategoryGridView.swift */ = {isa = PBXFileReference; lastKnownFileType = sourcecode.swift; path = RecipeCategoryGridView.swift; sourceTree = "<group>"; };
		341384CC2B1431D400DA882B /* ModifyRecipeView.swift */ = {isa = PBXFileReference; lastKnownFileType = sourcecode.swift; path = ModifyRecipeView.swift; sourceTree = "<group>"; };
		341384CE2B14519A00DA882B /* ModifyMainInformationView.swift */ = {isa = PBXFileReference; lastKnownFileType = sourcecode.swift; path = ModifyMainInformationView.swift; sourceTree = "<group>"; };
		341384D02B14B1FF00DA882B /* ModifyIngredientView.swift */ = {isa = PBXFileReference; lastKnownFileType = sourcecode.swift; path = ModifyIngredientView.swift; sourceTree = "<group>"; };
		341384D22B14BFCD00DA882B /* ModifyIngredientsView.swift */ = {isa = PBXFileReference; lastKnownFileType = sourcecode.swift; path = ModifyIngredientsView.swift; sourceTree = "<group>"; };
		341384D42B1A471500DA882B /* ModifyDirectionView.swift */ = {isa = PBXFileReference; lastKnownFileType = sourcecode.swift; path = ModifyDirectionView.swift; sourceTree = "<group>"; };
		341384D62B1A4E8C00DA882B /* ModifyComponentsView.swift */ = {isa = PBXFileReference; lastKnownFileType = sourcecode.swift; path = ModifyComponentsView.swift; sourceTree = "<group>"; };
/* End PBXFileReference section */

/* Begin PBXFrameworksBuildPhase section */
		341384A52B11890D00DA882B /* Frameworks */ = {
			isa = PBXFrameworksBuildPhase;
			buildActionMask = 2147483647;
			files = (
			);
			runOnlyForDeploymentPostprocessing = 0;
		};
/* End PBXFrameworksBuildPhase section */

/* Begin PBXGroup section */
		3413849F2B11890D00DA882B = {
			isa = PBXGroup;
			children = (
				341384AA2B11890D00DA882B /* Recipe */,
				341384A92B11890D00DA882B /* Products */,
			);
			sourceTree = "<group>";
		};
		341384A92B11890D00DA882B /* Products */ = {
			isa = PBXGroup;
			children = (
				341384A82B11890D00DA882B /* Recipe.app */,
			);
			name = Products;
			sourceTree = "<group>";
		};
		341384AA2B11890D00DA882B /* Recipe */ = {
			isa = PBXGroup;
			children = (
				341384C12B11990300DA882B /* Models */,
				341384C02B1198E700DA882B /* Products */,
				341384BE2B1198D500DA882B /* Views */,
				341384BD2B1198C400DA882B /* ViewModels */,
				341384AB2B11890D00DA882B /* RecipeApp.swift */,
				341384AF2B11890E00DA882B /* Assets.xcassets */,
				341384B12B11890E00DA882B /* Preview Content */,
			);
			path = Recipe;
			sourceTree = "<group>";
		};
		341384B12B11890E00DA882B /* Preview Content */ = {
			isa = PBXGroup;
			children = (
				341384B22B11890E00DA882B /* Preview Assets.xcassets */,
			);
			path = "Preview Content";
			sourceTree = "<group>";
		};
		341384BD2B1198C400DA882B /* ViewModels */ = {
			isa = PBXGroup;
			children = (
				341384C22B119A0700DA882B /* RecipeData.swift */,
				341384C62B11AF6A00DA882B /* AppColor.swift */,
			);
			path = ViewModels;
			sourceTree = "<group>";
		};
		341384BE2B1198D500DA882B /* Views */ = {
			isa = PBXGroup;
			children = (
				341384CB2B14312900DA882B /* ModifyRecipes */,
				341384CA2B14310100DA882B /* ExploreRecipes */,
			);
			path = Views;
			sourceTree = "<group>";
		};
		341384C02B1198E700DA882B /* Products */ = {
			isa = PBXGroup;
			children = (
			);
			path = Products;
			sourceTree = "<group>";
		};
		341384C12B11990300DA882B /* Models */ = {
			isa = PBXGroup;
			children = (
				341384B92B1189FD00DA882B /* Recipe.swift */,
			);
			path = Models;
			sourceTree = "<group>";
		};
		341384CA2B14310100DA882B /* ExploreRecipes */ = {
			isa = PBXGroup;
			children = (
				341384AD2B11890D00DA882B /* RecipesListView.swift */,
				341384C42B11A16600DA882B /* RecipeDetailView.swift */,
				341384C82B11B50300DA882B /* RecipeCategoryGridView.swift */,
			);
			path = ExploreRecipes;
			sourceTree = "<group>";
		};
		341384CB2B14312900DA882B /* ModifyRecipes */ = {
			isa = PBXGroup;
			children = (
				341384CC2B1431D400DA882B /* ModifyRecipeView.swift */,
				341384CE2B14519A00DA882B /* ModifyMainInformationView.swift */,
				341384D02B14B1FF00DA882B /* ModifyIngredientView.swift */,
				341384D22B14BFCD00DA882B /* ModifyIngredientsView.swift */,
				341384D42B1A471500DA882B /* ModifyDirectionView.swift */,
				341384D62B1A4E8C00DA882B /* ModifyComponentsView.swift */,
			);
			path = ModifyRecipes;
			sourceTree = "<group>";
		};
/* End PBXGroup section */

/* Begin PBXNativeTarget section */
		341384A72B11890D00DA882B /* Recipe */ = {
			isa = PBXNativeTarget;
			buildConfigurationList = 341384B62B11890E00DA882B /* Build configuration list for PBXNativeTarget "Recipe" */;
			buildPhases = (
				341384A42B11890D00DA882B /* Sources */,
				341384A52B11890D00DA882B /* Frameworks */,
				341384A62B11890D00DA882B /* Resources */,
			);
			buildRules = (
			);
			dependencies = (
			);
			name = Recipe;
			productName = Recipe;
			productReference = 341384A82B11890D00DA882B /* Recipe.app */;
			productType = "com.apple.product-type.application";
		};
/* End PBXNativeTarget section */

/* Begin PBXProject section */
		341384A02B11890D00DA882B /* Project object */ = {
			isa = PBXProject;
			attributes = {
				BuildIndependentTargetsInParallel = 1;
				LastSwiftUpdateCheck = 1500;
				LastUpgradeCheck = 1500;
				TargetAttributes = {
					341384A72B11890D00DA882B = {
						CreatedOnToolsVersion = 15.0.1;
					};
				};
			};
			buildConfigurationList = 341384A32B11890D00DA882B /* Build configuration list for PBXProject "Recipe" */;
			compatibilityVersion = "Xcode 14.0";
			developmentRegion = en;
			hasScannedForEncodings = 0;
			knownRegions = (
				en,
				Base,
			);
			mainGroup = 3413849F2B11890D00DA882B;
			productRefGroup = 341384A92B11890D00DA882B /* Products */;
			projectDirPath = "";
			projectRoot = "";
			targets = (
				341384A72B11890D00DA882B /* Recipe */,
			);
		};
/* End PBXProject section */

/* Begin PBXResourcesBuildPhase section */
		341384A62B11890D00DA882B /* Resources */ = {
			isa = PBXResourcesBuildPhase;
			buildActionMask = 2147483647;
			files = (
				341384B32B11890E00DA882B /* Preview Assets.xcassets in Resources */,
				341384B02B11890E00DA882B /* Assets.xcassets in Resources */,
			);
			runOnlyForDeploymentPostprocessing = 0;
		};
/* End PBXResourcesBuildPhase section */

/* Begin PBXSourcesBuildPhase section */
		341384A42B11890D00DA882B /* Sources */ = {
			isa = PBXSourcesBuildPhase;
			buildActionMask = 2147483647;
			files = (
				341384BA2B1189FD00DA882B /* Recipe.swift in Sources */,
				341384C52B11A16600DA882B /* RecipeDetailView.swift in Sources */,
				341384C92B11B50300DA882B /* RecipeCategoryGridView.swift in Sources */,
				341384C32B119A0700DA882B /* RecipeData.swift in Sources */,
				341384D52B1A471500DA882B /* ModifyDirectionView.swift in Sources */,
				341384CD2B1431D400DA882B /* ModifyRecipeView.swift in Sources */,
				341384D32B14BFCD00DA882B /* ModifyIngredientsView.swift in Sources */,
				341384D72B1A4E8C00DA882B /* ModifyComponentsView.swift in Sources */,
				341384AE2B11890D00DA882B /* RecipesListView.swift in Sources */,
				341384AC2B11890D00DA882B /* RecipeApp.swift in Sources */,
				341384CF2B14519A00DA882B /* ModifyMainInformationView.swift in Sources */,
				341384C72B11AF6A00DA882B /* AppColor.swift in Sources */,
				341384D12B14B20000DA882B /* ModifyIngredientView.swift in Sources */,
			);
			runOnlyForDeploymentPostprocessing = 0;
		};
/* End PBXSourcesBuildPhase section */

/* Begin XCBuildConfiguration section */
		341384B42B11890E00DA882B /* Debug */ = {
			isa = XCBuildConfiguration;
			buildSettings = {
				ALWAYS_SEARCH_USER_PATHS = NO;
				ASSETCATALOG_COMPILER_GENERATE_SWIFT_ASSET_SYMBOL_EXTENSIONS = YES;
				CLANG_ANALYZER_NONNULL = YES;
				CLANG_ANALYZER_NUMBER_OBJECT_CONVERSION = YES_AGGRESSIVE;
				CLANG_CXX_LANGUAGE_STANDARD = "gnu++20";
				CLANG_ENABLE_MODULES = YES;
				CLANG_ENABLE_OBJC_ARC = YES;
				CLANG_ENABLE_OBJC_WEAK = YES;
				CLANG_WARN_BLOCK_CAPTURE_AUTORELEASING = YES;
				CLANG_WARN_BOOL_CONVERSION = YES;
				CLANG_WARN_COMMA = YES;
				CLANG_WARN_CONSTANT_CONVERSION = YES;
				CLANG_WARN_DEPRECATED_OBJC_IMPLEMENTATIONS = YES;
				CLANG_WARN_DIRECT_OBJC_ISA_USAGE = YES_ERROR;
				CLANG_WARN_DOCUMENTATION_COMMENTS = YES;
				CLANG_WARN_EMPTY_BODY = YES;
				CLANG_WARN_ENUM_CONVERSION = YES;
				CLANG_WARN_INFINITE_RECURSION = YES;
				CLANG_WARN_INT_CONVERSION = YES;
				CLANG_WARN_NON_LITERAL_NULL_CONVERSION = YES;
				CLANG_WARN_OBJC_IMPLICIT_RETAIN_SELF = YES;
				CLANG_WARN_OBJC_LITERAL_CONVERSION = YES;
				CLANG_WARN_OBJC_ROOT_CLASS = YES_ERROR;
				CLANG_WARN_QUOTED_INCLUDE_IN_FRAMEWORK_HEADER = YES;
				CLANG_WARN_RANGE_LOOP_ANALYSIS = YES;
				CLANG_WARN_STRICT_PROTOTYPES = YES;
				CLANG_WARN_SUSPICIOUS_MOVE = YES;
				CLANG_WARN_UNGUARDED_AVAILABILITY = YES_AGGRESSIVE;
				CLANG_WARN_UNREACHABLE_CODE = YES;
				CLANG_WARN__DUPLICATE_METHOD_MATCH = YES;
				COPY_PHASE_STRIP = NO;
				DEBUG_INFORMATION_FORMAT = dwarf;
				ENABLE_STRICT_OBJC_MSGSEND = YES;
				ENABLE_TESTABILITY = YES;
				ENABLE_USER_SCRIPT_SANDBOXING = YES;
				GCC_C_LANGUAGE_STANDARD = gnu17;
				GCC_DYNAMIC_NO_PIC = NO;
				GCC_NO_COMMON_BLOCKS = YES;
				GCC_OPTIMIZATION_LEVEL = 0;
				GCC_PREPROCESSOR_DEFINITIONS = (
					"DEBUG=1",
					"$(inherited)",
				);
				GCC_WARN_64_TO_32_BIT_CONVERSION = YES;
				GCC_WARN_ABOUT_RETURN_TYPE = YES_ERROR;
				GCC_WARN_UNDECLARED_SELECTOR = YES;
				GCC_WARN_UNINITIALIZED_AUTOS = YES_AGGRESSIVE;
				GCC_WARN_UNUSED_FUNCTION = YES;
				GCC_WARN_UNUSED_VARIABLE = YES;
				IPHONEOS_DEPLOYMENT_TARGET = 17.0;
				LOCALIZATION_PREFERS_STRING_CATALOGS = YES;
				MTL_ENABLE_DEBUG_INFO = INCLUDE_SOURCE;
				MTL_FAST_MATH = YES;
				ONLY_ACTIVE_ARCH = YES;
				SDKROOT = iphoneos;
				SWIFT_ACTIVE_COMPILATION_CONDITIONS = "DEBUG $(inherited)";
				SWIFT_OPTIMIZATION_LEVEL = "-Onone";
			};
			name = Debug;
		};
		341384B52B11890E00DA882B /* Release */ = {
			isa = XCBuildConfiguration;
			buildSettings = {
				ALWAYS_SEARCH_USER_PATHS = NO;
				ASSETCATALOG_COMPILER_GENERATE_SWIFT_ASSET_SYMBOL_EXTENSIONS = YES;
				CLANG_ANALYZER_NONNULL = YES;
				CLANG_ANALYZER_NUMBER_OBJECT_CONVERSION = YES_AGGRESSIVE;
				CLANG_CXX_LANGUAGE_STANDARD = "gnu++20";
				CLANG_ENABLE_MODULES = YES;
				CLANG_ENABLE_OBJC_ARC = YES;
				CLANG_ENABLE_OBJC_WEAK = YES;
				CLANG_WARN_BLOCK_CAPTURE_AUTORELEASING = YES;
				CLANG_WARN_BOOL_CONVERSION = YES;
				CLANG_WARN_COMMA = YES;
				CLANG_WARN_CONSTANT_CONVERSION = YES;
				CLANG_WARN_DEPRECATED_OBJC_IMPLEMENTATIONS = YES;
				CLANG_WARN_DIRECT_OBJC_ISA_USAGE = YES_ERROR;
				CLANG_WARN_DOCUMENTATION_COMMENTS = YES;
				CLANG_WARN_EMPTY_BODY = YES;
				CLANG_WARN_ENUM_CONVERSION = YES;
				CLANG_WARN_INFINITE_RECURSION = YES;
				CLANG_WARN_INT_CONVERSION = YES;
				CLANG_WARN_NON_LITERAL_NULL_CONVERSION = YES;
				CLANG_WARN_OBJC_IMPLICIT_RETAIN_SELF = YES;
				CLANG_WARN_OBJC_LITERAL_CONVERSION = YES;
				CLANG_WARN_OBJC_ROOT_CLASS = YES_ERROR;
				CLANG_WARN_QUOTED_INCLUDE_IN_FRAMEWORK_HEADER = YES;
				CLANG_WARN_RANGE_LOOP_ANALYSIS = YES;
				CLANG_WARN_STRICT_PROTOTYPES = YES;
				CLANG_WARN_SUSPICIOUS_MOVE = YES;
				CLANG_WARN_UNGUARDED_AVAILABILITY = YES_AGGRESSIVE;
				CLANG_WARN_UNREACHABLE_CODE = YES;
				CLANG_WARN__DUPLICATE_METHOD_MATCH = YES;
				COPY_PHASE_STRIP = NO;
				DEBUG_INFORMATION_FORMAT = "dwarf-with-dsym";
				ENABLE_NS_ASSERTIONS = NO;
				ENABLE_STRICT_OBJC_MSGSEND = YES;
				ENABLE_USER_SCRIPT_SANDBOXING = YES;
				GCC_C_LANGUAGE_STANDARD = gnu17;
				GCC_NO_COMMON_BLOCKS = YES;
				GCC_WARN_64_TO_32_BIT_CONVERSION = YES;
				GCC_WARN_ABOUT_RETURN_TYPE = YES_ERROR;
				GCC_WARN_UNDECLARED_SELECTOR = YES;
				GCC_WARN_UNINITIALIZED_AUTOS = YES_AGGRESSIVE;
				GCC_WARN_UNUSED_FUNCTION = YES;
				GCC_WARN_UNUSED_VARIABLE = YES;
				IPHONEOS_DEPLOYMENT_TARGET = 17.0;
				LOCALIZATION_PREFERS_STRING_CATALOGS = YES;
				MTL_ENABLE_DEBUG_INFO = NO;
				MTL_FAST_MATH = YES;
				SDKROOT = iphoneos;
				SWIFT_COMPILATION_MODE = wholemodule;
				VALIDATE_PRODUCT = YES;
			};
			name = Release;
		};
		341384B72B11890E00DA882B /* Debug */ = {
			isa = XCBuildConfiguration;
			buildSettings = {
				ASSETCATALOG_COMPILER_APPICON_NAME = AppIcon;
				ASSETCATALOG_COMPILER_GLOBAL_ACCENT_COLOR_NAME = AccentColor;
				CODE_SIGN_STYLE = Automatic;
				CURRENT_PROJECT_VERSION = 1;
				DEVELOPMENT_ASSET_PATHS = "\"Recipe/Preview Content\"";
				ENABLE_PREVIEWS = YES;
				GENERATE_INFOPLIST_FILE = YES;
				INFOPLIST_KEY_UIApplicationSceneManifest_Generation = YES;
				INFOPLIST_KEY_UIApplicationSupportsIndirectInputEvents = YES;
				INFOPLIST_KEY_UILaunchScreen_Generation = YES;
				INFOPLIST_KEY_UISupportedInterfaceOrientations_iPad = "UIInterfaceOrientationPortrait UIInterfaceOrientationPortraitUpsideDown UIInterfaceOrientationLandscapeLeft UIInterfaceOrientationLandscapeRight";
				INFOPLIST_KEY_UISupportedInterfaceOrientations_iPhone = "UIInterfaceOrientationPortrait UIInterfaceOrientationLandscapeLeft UIInterfaceOrientationLandscapeRight";
				LD_RUNPATH_SEARCH_PATHS = (
					"$(inherited)",
					"@executable_path/Frameworks",
				);
				MARKETING_VERSION = 1.0;
				PRODUCT_BUNDLE_IDENTIFIER = com.Kyoka.Recipe;
				PRODUCT_NAME = "$(TARGET_NAME)";
				SWIFT_EMIT_LOC_STRINGS = YES;
				SWIFT_VERSION = 5.0;
				TARGETED_DEVICE_FAMILY = "1,2";
			};
			name = Debug;
		};
		341384B82B11890E00DA882B /* Release */ = {
			isa = XCBuildConfiguration;
			buildSettings = {
				ASSETCATALOG_COMPILER_APPICON_NAME = AppIcon;
				ASSETCATALOG_COMPILER_GLOBAL_ACCENT_COLOR_NAME = AccentColor;
				CODE_SIGN_STYLE = Automatic;
				CURRENT_PROJECT_VERSION = 1;
				DEVELOPMENT_ASSET_PATHS = "\"Recipe/Preview Content\"";
				ENABLE_PREVIEWS = YES;
				GENERATE_INFOPLIST_FILE = YES;
				INFOPLIST_KEY_UIApplicationSceneManifest_Generation = YES;
				INFOPLIST_KEY_UIApplicationSupportsIndirectInputEvents = YES;
				INFOPLIST_KEY_UILaunchScreen_Generation = YES;
				INFOPLIST_KEY_UISupportedInterfaceOrientations_iPad = "UIInterfaceOrientationPortrait UIInterfaceOrientationPortraitUpsideDown UIInterfaceOrientationLandscapeLeft UIInterfaceOrientationLandscapeRight";
				INFOPLIST_KEY_UISupportedInterfaceOrientations_iPhone = "UIInterfaceOrientationPortrait UIInterfaceOrientationLandscapeLeft UIInterfaceOrientationLandscapeRight";
				LD_RUNPATH_SEARCH_PATHS = (
					"$(inherited)",
					"@executable_path/Frameworks",
				);
				MARKETING_VERSION = 1.0;
				PRODUCT_BUNDLE_IDENTIFIER = com.Kyoka.Recipe;
				PRODUCT_NAME = "$(TARGET_NAME)";
				SWIFT_EMIT_LOC_STRINGS = YES;
				SWIFT_VERSION = 5.0;
				TARGETED_DEVICE_FAMILY = "1,2";
			};
			name = Release;
		};
/* End XCBuildConfiguration section */

/* Begin XCConfigurationList section */
		341384A32B11890D00DA882B /* Build configuration list for PBXProject "Recipe" */ = {
			isa = XCConfigurationList;
			buildConfigurations = (
				341384B42B11890E00DA882B /* Debug */,
				341384B52B11890E00DA882B /* Release */,
			);
			defaultConfigurationIsVisible = 0;
			defaultConfigurationName = Release;
		};
		341384B62B11890E00DA882B /* Build configuration list for PBXNativeTarget "Recipe" */ = {
			isa = XCConfigurationList;
			buildConfigurations = (
				341384B72B11890E00DA882B /* Debug */,
				341384B82B11890E00DA882B /* Release */,
			);
			defaultConfigurationIsVisible = 0;
			defaultConfigurationName = Release;
		};
/* End XCConfigurationList section */
	};
	rootObject = 341384A02B11890D00DA882B /* Project object */;
}
